
Microsoft Visual Studio Solution File, Format Version 12.00
# Visual Studio Version 17
VisualStudioVersion = 17.5.33414.496
MinimumVisualStudioVersion = 10.0.40219.1
Project("{FAE04EC0-301F-11D3-BF4B-00C04F79EFBC}") = "EvaluationMenagerG11", "EvaluationMenagerG11\EvaluationMenagerG11.csproj", "{EDC772E3-E971-4110-8BB0-2D7D8B53B28E}"
EndProject
Global
	GlobalSection(SolutionConfigurationPlatforms) = preSolution
		Debug|Any CPU = Debug|Any CPU
		Release|Any CPU = Release|Any CPU
	EndGlobalSection
	GlobalSection(ProjectConfigurationPlatforms) = postSolution
		{EDC772E3-E971-4110-8BB0-2D7D8B53B28E}.Debug|Any CPU.ActiveCfg = Debug|Any CPU
		{EDC772E3-E971-4110-8BB0-2D7D8B53B28E}.Debug|Any CPU.Build.0 = Debug|Any CPU
		{EDC772E3-E971-4110-8BB0-2D7D8B53B28E}.Release|Any CPU.ActiveCfg = Release|Any CPU
		{EDC772E3-E971-4110-8BB0-2D7D8B53B28E}.Release|Any CPU.Build.0 = Release|Any CPU
	EndGlobalSection
	GlobalSection(SolutionProperties) = preSolution
		HideSolutionNode = FALSE
	EndGlobalSection
	GlobalSection(ExtensibilityGlobals) = postSolution
		SolutionGuid = {E420B0A8-C12A-400D-9E5D-73F690F79F03}
	EndGlobalSection
EndGlobal
